
Microsoft Visual Studio Solution File, Format Version 12.00
# Visual Studio 15
VisualStudioVersion = 15.0.27004.2009
MinimumVisualStudioVersion = 10.0.40219.1
Project("{FAE04EC0-301F-11D3-BF4B-00C04F79EFBC}") = "LiteonWebAPI", "LiteonWebAPI\LiteonWebAPI.csproj", "{4444A52A-D4B1-4252-8641-D9ED4E16C245}"
EndProject
Global
	GlobalSection(SolutionConfigurationPlatforms) = preSolution
		Debug|Any CPU = Debug|Any CPU
		Release|Any CPU = Release|Any CPU
	EndGlobalSection
	GlobalSection(ProjectConfigurationPlatforms) = postSolution
		{4444A52A-D4B1-4252-8641-D9ED4E16C245}.Debug|Any CPU.ActiveCfg = Debug|Any CPU
		{4444A52A-D4B1-4252-8641-D9ED4E16C245}.Debug|Any CPU.Build.0 = Debug|Any CPU
		{4444A52A-D4B1-4252-8641-D9ED4E16C245}.Release|Any CPU.ActiveCfg = Release|Any CPU
		{4444A52A-D4B1-4252-8641-D9ED4E16C245}.Release|Any CPU.Build.0 = Release|Any CPU
	EndGlobalSection
	GlobalSection(SolutionProperties) = preSolution
		HideSolutionNode = FALSE
	EndGlobalSection
	GlobalSection(ExtensibilityGlobals) = postSolution
		SolutionGuid = {0AA35159-9033-4A00-9075-46D60F8138BA}
	EndGlobalSection
EndGlobal
